// !$*UTF8*$!
{
	archiveVersion = 1;
	classes = {
	};
	objectVersion = 50;
	objects = {

/* Begin PBXBuildFile section */
		670C99CF61374AC416499FE8 /* Pods_iOS_DemoTests.framework in Frameworks */ = {isa = PBXBuildFile; fileRef = 7B1E8C5F91D9F7A36F2A9A78 /* Pods_iOS_DemoTests.framework */; };
		69BC48B92E90511D2CF807F4 /* Pods_iOS_Demo.framework in Frameworks */ = {isa = PBXBuildFile; fileRef = 726F412984BD073F0FD56C51 /* Pods_iOS_Demo.framework */; };
		CD91CF502201FF6D00C8F9DF /* AppDelegate.swift in Sources */ = {isa = PBXBuildFile; fileRef = CD91CF4F2201FF6D00C8F9DF /* AppDelegate.swift */; };
		CD91CF572201FF7000C8F9DF /* Assets.xcassets in Resources */ = {isa = PBXBuildFile; fileRef = CD91CF562201FF7000C8F9DF /* Assets.xcassets */; };
		CD91CF5A2201FF7000C8F9DF /* LaunchScreen.storyboard in Resources */ = {isa = PBXBuildFile; fileRef = CD91CF582201FF7000C8F9DF /* LaunchScreen.storyboard */; };
		CD91CF702201FF7000C8F9DF /* iOS_DemoUITests.swift in Sources */ = {isa = PBXBuildFile; fileRef = CD91CF6F2201FF7000C8F9DF /* iOS_DemoUITests.swift */; };
		CD91CF94220263F600C8F9DF /* Localizable.strings in Resources */ = {isa = PBXBuildFile; fileRef = CD91CF96220263F600C8F9DF /* Localizable.strings */; };
		CD91CF992202666C00C8F9DF /* Strings.swift in Sources */ = {isa = PBXBuildFile; fileRef = CD91CF982202666C00C8F9DF /* Strings.swift */; };
		CD91CF9C2202F7FA00C8F9DF /* MVVMView.swift in Sources */ = {isa = PBXBuildFile; fileRef = CD91CF9B2202F7FA00C8F9DF /* MVVMView.swift */; };
		CD91CFA02202F85500C8F9DF /* Coordinator.swift in Sources */ = {isa = PBXBuildFile; fileRef = CD91CF9F2202F85500C8F9DF /* Coordinator.swift */; };
		CD91CFA22202F87600C8F9DF /* Route.swift in Sources */ = {isa = PBXBuildFile; fileRef = CD91CFA12202F87600C8F9DF /* Route.swift */; };
		CD91CFA42202F88E00C8F9DF /* Transition.swift in Sources */ = {isa = PBXBuildFile; fileRef = CD91CFA32202F88E00C8F9DF /* Transition.swift */; };
		CD91CFA62202F8C600C8F9DF /* MVVMCUtils.swift in Sources */ = {isa = PBXBuildFile; fileRef = CD91CFA52202F8C600C8F9DF /* MVVMCUtils.swift */; };
		CD91CFAC2202FFD700C8F9DF /* MainNavigationController.swift in Sources */ = {isa = PBXBuildFile; fileRef = CD91CFAB2202FFD700C8F9DF /* MainNavigationController.swift */; };
		CD91CFB12203011500C8F9DF /* PostsViewController.swift in Sources */ = {isa = PBXBuildFile; fileRef = CD91CFAF2203011500C8F9DF /* PostsViewController.swift */; };
		CD91CFB22203011500C8F9DF /* PostsViewController.xib in Resources */ = {isa = PBXBuildFile; fileRef = CD91CFB02203011500C8F9DF /* PostsViewController.xib */; };
		CD91CFB82203060600C8F9DF /* PostsViewModel.swift in Sources */ = {isa = PBXBuildFile; fileRef = CD91CFB72203060600C8F9DF /* PostsViewModel.swift */; };
		CD91CFBB2203067000C8F9DF /* PostsRoute.swift in Sources */ = {isa = PBXBuildFile; fileRef = CD91CFBA2203067000C8F9DF /* PostsRoute.swift */; };
		CD91CFBD2203068A00C8F9DF /* PostDetailsViewModel.swift in Sources */ = {isa = PBXBuildFile; fileRef = CD91CFBC2203068A00C8F9DF /* PostDetailsViewModel.swift */; };
		CD91CFBF220306C000C8F9DF /* PostDetailsRoute.swift in Sources */ = {isa = PBXBuildFile; fileRef = CD91CFBE220306C000C8F9DF /* PostDetailsRoute.swift */; };
		CD91CFC22203070500C8F9DF /* PostDetailsViewController.swift in Sources */ = {isa = PBXBuildFile; fileRef = CD91CFC02203070500C8F9DF /* PostDetailsViewController.swift */; };
		CD91CFC32203070500C8F9DF /* PostDetailsViewController.xib in Resources */ = {isa = PBXBuildFile; fileRef = CD91CFC12203070500C8F9DF /* PostDetailsViewController.xib */; };
		CD91CFC622030CF300C8F9DF /* MVVMViewTests.swift in Sources */ = {isa = PBXBuildFile; fileRef = CD91CFC522030CF300C8F9DF /* MVVMViewTests.swift */; };
		CD91CFC822030D6E00C8F9DF /* MVVMViewMock.swift in Sources */ = {isa = PBXBuildFile; fileRef = CD91CFC722030D6E00C8F9DF /* MVVMViewMock.swift */; };
		CD91CFCE22031FCF00C8F9DF /* CoordinatorTests.swift in Sources */ = {isa = PBXBuildFile; fileRef = CD91CFCD22031FCF00C8F9DF /* CoordinatorTests.swift */; };
		CD91CFD022034C1300C8F9DF /* NavigationTransitionTests.swift in Sources */ = {isa = PBXBuildFile; fileRef = CD91CFCF22034C1300C8F9DF /* NavigationTransitionTests.swift */; };
		EBFCA876911F66D3DC49E2DC /* Pods_iOS_DemoUITests.framework in Frameworks */ = {isa = PBXBuildFile; fileRef = 8E882E7C53F7E3265B629426 /* Pods_iOS_DemoUITests.framework */; };
/* End PBXBuildFile section */

/* Begin PBXContainerItemProxy section */
		CD91CF612201FF7000C8F9DF /* PBXContainerItemProxy */ = {
			isa = PBXContainerItemProxy;
			containerPortal = CD91CF442201FF6D00C8F9DF /* Project object */;
			proxyType = 1;
			remoteGlobalIDString = CD91CF4B2201FF6D00C8F9DF;
			remoteInfo = "iOS-Demo";
		};
		CD91CF6C2201FF7000C8F9DF /* PBXContainerItemProxy */ = {
			isa = PBXContainerItemProxy;
			containerPortal = CD91CF442201FF6D00C8F9DF /* Project object */;
			proxyType = 1;
			remoteGlobalIDString = CD91CF4B2201FF6D00C8F9DF;
			remoteInfo = "iOS-Demo";
		};
/* End PBXContainerItemProxy section */

/* Begin PBXFileReference section */
		4DF398B42F870102592AE6CA /* Pods-iOS-DemoUITests.debug.xcconfig */ = {isa = PBXFileReference; includeInIndex = 1; lastKnownFileType = text.xcconfig; name = "Pods-iOS-DemoUITests.debug.xcconfig"; path = "Pods/Target Support Files/Pods-iOS-DemoUITests/Pods-iOS-DemoUITests.debug.xcconfig"; sourceTree = "<group>"; };
		726F412984BD073F0FD56C51 /* Pods_iOS_Demo.framework */ = {isa = PBXFileReference; explicitFileType = wrapper.framework; includeInIndex = 0; path = Pods_iOS_Demo.framework; sourceTree = BUILT_PRODUCTS_DIR; };
		79CD80B4C1B1E151C89B7CA4 /* Pods-iOS-DemoTests.release.xcconfig */ = {isa = PBXFileReference; includeInIndex = 1; lastKnownFileType = text.xcconfig; name = "Pods-iOS-DemoTests.release.xcconfig"; path = "Pods/Target Support Files/Pods-iOS-DemoTests/Pods-iOS-DemoTests.release.xcconfig"; sourceTree = "<group>"; };
		7B1E8C5F91D9F7A36F2A9A78 /* Pods_iOS_DemoTests.framework */ = {isa = PBXFileReference; explicitFileType = wrapper.framework; includeInIndex = 0; path = Pods_iOS_DemoTests.framework; sourceTree = BUILT_PRODUCTS_DIR; };
		87E1BDAF472CB104EB6FBE0D /* Pods-iOS-DemoUITests.release.xcconfig */ = {isa = PBXFileReference; includeInIndex = 1; lastKnownFileType = text.xcconfig; name = "Pods-iOS-DemoUITests.release.xcconfig"; path = "Pods/Target Support Files/Pods-iOS-DemoUITests/Pods-iOS-DemoUITests.release.xcconfig"; sourceTree = "<group>"; };
		8E882E7C53F7E3265B629426 /* Pods_iOS_DemoUITests.framework */ = {isa = PBXFileReference; explicitFileType = wrapper.framework; includeInIndex = 0; path = Pods_iOS_DemoUITests.framework; sourceTree = BUILT_PRODUCTS_DIR; };
		9511C8FDFCCE512FC0BCAA22 /* Pods-iOS-DemoTests.debug.xcconfig */ = {isa = PBXFileReference; includeInIndex = 1; lastKnownFileType = text.xcconfig; name = "Pods-iOS-DemoTests.debug.xcconfig"; path = "Pods/Target Support Files/Pods-iOS-DemoTests/Pods-iOS-DemoTests.debug.xcconfig"; sourceTree = "<group>"; };
		9CC8D861D9C0C1D5C2A26B10 /* Pods-iOS-Demo.debug.xcconfig */ = {isa = PBXFileReference; includeInIndex = 1; lastKnownFileType = text.xcconfig; name = "Pods-iOS-Demo.debug.xcconfig"; path = "Pods/Target Support Files/Pods-iOS-Demo/Pods-iOS-Demo.debug.xcconfig"; sourceTree = "<group>"; };
		CD91CF4C2201FF6D00C8F9DF /* iOS-Demo.app */ = {isa = PBXFileReference; explicitFileType = wrapper.application; includeInIndex = 0; path = "iOS-Demo.app"; sourceTree = BUILT_PRODUCTS_DIR; };
		CD91CF4F2201FF6D00C8F9DF /* AppDelegate.swift */ = {isa = PBXFileReference; lastKnownFileType = sourcecode.swift; path = AppDelegate.swift; sourceTree = "<group>"; };
		CD91CF562201FF7000C8F9DF /* Assets.xcassets */ = {isa = PBXFileReference; lastKnownFileType = folder.assetcatalog; path = Assets.xcassets; sourceTree = "<group>"; };
		CD91CF592201FF7000C8F9DF /* Base */ = {isa = PBXFileReference; lastKnownFileType = file.storyboard; name = Base; path = Base.lproj/LaunchScreen.storyboard; sourceTree = "<group>"; };
		CD91CF5B2201FF7000C8F9DF /* Info.plist */ = {isa = PBXFileReference; lastKnownFileType = text.plist.xml; path = Info.plist; sourceTree = "<group>"; };
		CD91CF602201FF7000C8F9DF /* iOS-DemoTests.xctest */ = {isa = PBXFileReference; explicitFileType = wrapper.cfbundle; includeInIndex = 0; path = "iOS-DemoTests.xctest"; sourceTree = BUILT_PRODUCTS_DIR; };
		CD91CF662201FF7000C8F9DF /* Info.plist */ = {isa = PBXFileReference; lastKnownFileType = text.plist.xml; path = Info.plist; sourceTree = "<group>"; };
		CD91CF6B2201FF7000C8F9DF /* iOS-DemoUITests.xctest */ = {isa = PBXFileReference; explicitFileType = wrapper.cfbundle; includeInIndex = 0; path = "iOS-DemoUITests.xctest"; sourceTree = BUILT_PRODUCTS_DIR; };
		CD91CF6F2201FF7000C8F9DF /* iOS_DemoUITests.swift */ = {isa = PBXFileReference; lastKnownFileType = sourcecode.swift; path = iOS_DemoUITests.swift; sourceTree = "<group>"; };
		CD91CF712201FF7000C8F9DF /* Info.plist */ = {isa = PBXFileReference; lastKnownFileType = text.plist.xml; path = Info.plist; sourceTree = "<group>"; };
		CD91CF95220263F600C8F9DF /* en */ = {isa = PBXFileReference; lastKnownFileType = text.plist.strings; name = en; path = en.lproj/Localizable.strings; sourceTree = "<group>"; };
		CD91CF982202666C00C8F9DF /* Strings.swift */ = {isa = PBXFileReference; fileEncoding = 4; lastKnownFileType = sourcecode.swift; path = Strings.swift; sourceTree = "<group>"; };
		CD91CF9B2202F7FA00C8F9DF /* MVVMView.swift */ = {isa = PBXFileReference; lastKnownFileType = sourcecode.swift; path = MVVMView.swift; sourceTree = "<group>"; };
		CD91CF9F2202F85500C8F9DF /* Coordinator.swift */ = {isa = PBXFileReference; lastKnownFileType = sourcecode.swift; path = Coordinator.swift; sourceTree = "<group>"; };
		CD91CFA12202F87600C8F9DF /* Route.swift */ = {isa = PBXFileReference; lastKnownFileType = sourcecode.swift; path = Route.swift; sourceTree = "<group>"; };
		CD91CFA32202F88E00C8F9DF /* Transition.swift */ = {isa = PBXFileReference; lastKnownFileType = sourcecode.swift; path = Transition.swift; sourceTree = "<group>"; };
		CD91CFA52202F8C600C8F9DF /* MVVMCUtils.swift */ = {isa = PBXFileReference; lastKnownFileType = sourcecode.swift; path = MVVMCUtils.swift; sourceTree = "<group>"; };
		CD91CFAB2202FFD700C8F9DF /* MainNavigationController.swift */ = {isa = PBXFileReference; lastKnownFileType = sourcecode.swift; path = MainNavigationController.swift; sourceTree = "<group>"; };
		CD91CFAF2203011500C8F9DF /* PostsViewController.swift */ = {isa = PBXFileReference; lastKnownFileType = sourcecode.swift; path = PostsViewController.swift; sourceTree = "<group>"; };
		CD91CFB02203011500C8F9DF /* PostsViewController.xib */ = {isa = PBXFileReference; lastKnownFileType = file.xib; path = PostsViewController.xib; sourceTree = "<group>"; };
		CD91CFB72203060600C8F9DF /* PostsViewModel.swift */ = {isa = PBXFileReference; lastKnownFileType = sourcecode.swift; path = PostsViewModel.swift; sourceTree = "<group>"; };
		CD91CFBA2203067000C8F9DF /* PostsRoute.swift */ = {isa = PBXFileReference; lastKnownFileType = sourcecode.swift; path = PostsRoute.swift; sourceTree = "<group>"; };
		CD91CFBC2203068A00C8F9DF /* PostDetailsViewModel.swift */ = {isa = PBXFileReference; lastKnownFileType = sourcecode.swift; path = PostDetailsViewModel.swift; sourceTree = "<group>"; };
		CD91CFBE220306C000C8F9DF /* PostDetailsRoute.swift */ = {isa = PBXFileReference; lastKnownFileType = sourcecode.swift; path = PostDetailsRoute.swift; sourceTree = "<group>"; };
		CD91CFC02203070500C8F9DF /* PostDetailsViewController.swift */ = {isa = PBXFileReference; lastKnownFileType = sourcecode.swift; path = PostDetailsViewController.swift; sourceTree = "<group>"; };
		CD91CFC12203070500C8F9DF /* PostDetailsViewController.xib */ = {isa = PBXFileReference; lastKnownFileType = file.xib; path = PostDetailsViewController.xib; sourceTree = "<group>"; };
		CD91CFC522030CF300C8F9DF /* MVVMViewTests.swift */ = {isa = PBXFileReference; lastKnownFileType = sourcecode.swift; path = MVVMViewTests.swift; sourceTree = "<group>"; };
		CD91CFC722030D6E00C8F9DF /* MVVMViewMock.swift */ = {isa = PBXFileReference; lastKnownFileType = sourcecode.swift; path = MVVMViewMock.swift; sourceTree = "<group>"; };
		CD91CFCD22031FCF00C8F9DF /* CoordinatorTests.swift */ = {isa = PBXFileReference; lastKnownFileType = sourcecode.swift; path = CoordinatorTests.swift; sourceTree = "<group>"; };
		CD91CFCF22034C1300C8F9DF /* NavigationTransitionTests.swift */ = {isa = PBXFileReference; lastKnownFileType = sourcecode.swift; path = NavigationTransitionTests.swift; sourceTree = "<group>"; };
		E89C926559A13751E0C112F1 /* Pods-iOS-Demo.release.xcconfig */ = {isa = PBXFileReference; includeInIndex = 1; lastKnownFileType = text.xcconfig; name = "Pods-iOS-Demo.release.xcconfig"; path = "Pods/Target Support Files/Pods-iOS-Demo/Pods-iOS-Demo.release.xcconfig"; sourceTree = "<group>"; };
/* End PBXFileReference section */

/* Begin PBXFrameworksBuildPhase section */
		CD91CF492201FF6D00C8F9DF /* Frameworks */ = {
			isa = PBXFrameworksBuildPhase;
			buildActionMask = 2147483647;
			files = (
				69BC48B92E90511D2CF807F4 /* Pods_iOS_Demo.framework in Frameworks */,
			);
			runOnlyForDeploymentPostprocessing = 0;
		};
		CD91CF5D2201FF7000C8F9DF /* Frameworks */ = {
			isa = PBXFrameworksBuildPhase;
			buildActionMask = 2147483647;
			files = (
				670C99CF61374AC416499FE8 /* Pods_iOS_DemoTests.framework in Frameworks */,
			);
			runOnlyForDeploymentPostprocessing = 0;
		};
		CD91CF682201FF7000C8F9DF /* Frameworks */ = {
			isa = PBXFrameworksBuildPhase;
			buildActionMask = 2147483647;
			files = (
				EBFCA876911F66D3DC49E2DC /* Pods_iOS_DemoUITests.framework in Frameworks */,
			);
			runOnlyForDeploymentPostprocessing = 0;
		};
/* End PBXFrameworksBuildPhase section */

/* Begin PBXGroup section */
		A9C3E8FF449A4E8EC3ED09FD /* Pods */ = {
			isa = PBXGroup;
			children = (
				9CC8D861D9C0C1D5C2A26B10 /* Pods-iOS-Demo.debug.xcconfig */,
				E89C926559A13751E0C112F1 /* Pods-iOS-Demo.release.xcconfig */,
				9511C8FDFCCE512FC0BCAA22 /* Pods-iOS-DemoTests.debug.xcconfig */,
				79CD80B4C1B1E151C89B7CA4 /* Pods-iOS-DemoTests.release.xcconfig */,
				4DF398B42F870102592AE6CA /* Pods-iOS-DemoUITests.debug.xcconfig */,
				87E1BDAF472CB104EB6FBE0D /* Pods-iOS-DemoUITests.release.xcconfig */,
			);
			name = Pods;
			sourceTree = "<group>";
		};
		CD91CF432201FF6D00C8F9DF = {
			isa = PBXGroup;
			children = (
				CD91CF4E2201FF6D00C8F9DF /* iOS-Demo */,
				CD91CF632201FF7000C8F9DF /* iOS-DemoTests */,
				CD91CF6E2201FF7000C8F9DF /* iOS-DemoUITests */,
				CD91CF4D2201FF6D00C8F9DF /* Products */,
				A9C3E8FF449A4E8EC3ED09FD /* Pods */,
				E4BA72B3B342CFEDD8F7BB47 /* Frameworks */,
			);
			sourceTree = "<group>";
		};
		CD91CF4D2201FF6D00C8F9DF /* Products */ = {
			isa = PBXGroup;
			children = (
				CD91CF4C2201FF6D00C8F9DF /* iOS-Demo.app */,
				CD91CF602201FF7000C8F9DF /* iOS-DemoTests.xctest */,
				CD91CF6B2201FF7000C8F9DF /* iOS-DemoUITests.xctest */,
			);
			name = Products;
			sourceTree = "<group>";
		};
		CD91CF4E2201FF6D00C8F9DF /* iOS-Demo */ = {
			isa = PBXGroup;
			children = (
				CD91CF8C2202635900C8F9DF /* Resources */,
				CD91CF9A2202F7DA00C8F9DF /* MVVM-C */,
				CD91CFB92203062C00C8F9DF /* Routes */,
				CD91CFA82202FF9600C8F9DF /* Screens */,
				CD91CF4F2201FF6D00C8F9DF /* AppDelegate.swift */,
				CD91CF562201FF7000C8F9DF /* Assets.xcassets */,
				CD91CF582201FF7000C8F9DF /* LaunchScreen.storyboard */,
				CD91CF5B2201FF7000C8F9DF /* Info.plist */,
			);
			path = "iOS-Demo";
			sourceTree = "<group>";
		};
		CD91CF632201FF7000C8F9DF /* iOS-DemoTests */ = {
			isa = PBXGroup;
			children = (
				CD91CFC422030AF000C8F9DF /* MVVM-C */,
				CD91CF662201FF7000C8F9DF /* Info.plist */,
			);
			path = "iOS-DemoTests";
			sourceTree = "<group>";
		};
		CD91CF6E2201FF7000C8F9DF /* iOS-DemoUITests */ = {
			isa = PBXGroup;
			children = (
				CD91CF6F2201FF7000C8F9DF /* iOS_DemoUITests.swift */,
				CD91CF712201FF7000C8F9DF /* Info.plist */,
			);
			path = "iOS-DemoUITests";
			sourceTree = "<group>";
		};
		CD91CF8C2202635900C8F9DF /* Resources */ = {
			isa = PBXGroup;
			children = (
				CD91CF96220263F600C8F9DF /* Localizable.strings */,
				CD91CF982202666C00C8F9DF /* Strings.swift */,
			);
			path = Resources;
			sourceTree = "<group>";
		};
		CD91CF9A2202F7DA00C8F9DF /* MVVM-C */ = {
			isa = PBXGroup;
			children = (
				CD91CF9D2202F82500C8F9DF /* MVVM */,
				CD91CF9E2202F83100C8F9DF /* Coordinator */,
				CD91CFA52202F8C600C8F9DF /* MVVMCUtils.swift */,
			);
			path = "MVVM-C";
			sourceTree = "<group>";
		};
		CD91CF9D2202F82500C8F9DF /* MVVM */ = {
			isa = PBXGroup;
			children = (
				CD91CF9B2202F7FA00C8F9DF /* MVVMView.swift */,
			);
			path = MVVM;
			sourceTree = "<group>";
		};
		CD91CF9E2202F83100C8F9DF /* Coordinator */ = {
			isa = PBXGroup;
			children = (
				CD91CF9F2202F85500C8F9DF /* Coordinator.swift */,
				CD91CFA12202F87600C8F9DF /* Route.swift */,
				CD91CFA32202F88E00C8F9DF /* Transition.swift */,
			);
			path = Coordinator;
			sourceTree = "<group>";
		};
		CD91CFA82202FF9600C8F9DF /* Screens */ = {
			isa = PBXGroup;
			children = (
				CD91CFAB2202FFD700C8F9DF /* MainNavigationController.swift */,
				CD91CFAD2203007F00C8F9DF /* PostsScreen */,
				CD91CFAE2203009100C8F9DF /* PostDetailsScreen */,
			);
			path = Screens;
			sourceTree = "<group>";
		};
		CD91CFAD2203007F00C8F9DF /* PostsScreen */ = {
			isa = PBXGroup;
			children = (
				CD91CFAF2203011500C8F9DF /* PostsViewController.swift */,
				CD91CFB02203011500C8F9DF /* PostsViewController.xib */,
				CD91CFB72203060600C8F9DF /* PostsViewModel.swift */,
			);
			path = PostsScreen;
			sourceTree = "<group>";
		};
		CD91CFAE2203009100C8F9DF /* PostDetailsScreen */ = {
			isa = PBXGroup;
			children = (
				CD91CFC02203070500C8F9DF /* PostDetailsViewController.swift */,
				CD91CFC12203070500C8F9DF /* PostDetailsViewController.xib */,
				CD91CFBC2203068A00C8F9DF /* PostDetailsViewModel.swift */,
			);
			path = PostDetailsScreen;
			sourceTree = "<group>";
		};
		CD91CFB92203062C00C8F9DF /* Routes */ = {
			isa = PBXGroup;
			children = (
				CD91CFBA2203067000C8F9DF /* PostsRoute.swift */,
				CD91CFBE220306C000C8F9DF /* PostDetailsRoute.swift */,
			);
			path = Routes;
			sourceTree = "<group>";
		};
		CD91CFC422030AF000C8F9DF /* MVVM-C */ = {
			isa = PBXGroup;
			children = (
				CD91CFC522030CF300C8F9DF /* MVVMViewTests.swift */,
				CD91CFC722030D6E00C8F9DF /* MVVMViewMock.swift */,
				CD91CFCD22031FCF00C8F9DF /* CoordinatorTests.swift */,
				CD91CFCF22034C1300C8F9DF /* NavigationTransitionTests.swift */,
			);
			path = "MVVM-C";
			sourceTree = "<group>";
		};
		E4BA72B3B342CFEDD8F7BB47 /* Frameworks */ = {
			isa = PBXGroup;
			children = (
				726F412984BD073F0FD56C51 /* Pods_iOS_Demo.framework */,
				7B1E8C5F91D9F7A36F2A9A78 /* Pods_iOS_DemoTests.framework */,
				8E882E7C53F7E3265B629426 /* Pods_iOS_DemoUITests.framework */,
			);
			name = Frameworks;
			sourceTree = "<group>";
		};
/* End PBXGroup section */

/* Begin PBXNativeTarget section */
		CD91CF4B2201FF6D00C8F9DF /* iOS-Demo */ = {
			isa = PBXNativeTarget;
			buildConfigurationList = CD91CF742201FF7000C8F9DF /* Build configuration list for PBXNativeTarget "iOS-Demo" */;
			buildPhases = (
				C845FB60EFC9CD99CECCC401 /* [CP] Check Pods Manifest.lock */,
				CD91CF972202646D00C8F9DF /* Generate Resources */,
				CD91CF482201FF6D00C8F9DF /* Sources */,
				CD91CF492201FF6D00C8F9DF /* Frameworks */,
				CD91CF4A2201FF6D00C8F9DF /* Resources */,
				C16095B72BB1C61D0F1A255A /* [CP] Embed Pods Frameworks */,
				CD91CF7E2202371500C8F9DF /* Run Swiftlint */,
			);
			buildRules = (
			);
			dependencies = (
			);
			name = "iOS-Demo";
			productName = "iOS-Demo";
			productReference = CD91CF4C2201FF6D00C8F9DF /* iOS-Demo.app */;
			productType = "com.apple.product-type.application";
		};
		CD91CF5F2201FF7000C8F9DF /* iOS-DemoTests */ = {
			isa = PBXNativeTarget;
			buildConfigurationList = CD91CF772201FF7000C8F9DF /* Build configuration list for PBXNativeTarget "iOS-DemoTests" */;
			buildPhases = (
				202A8E36CE25646B33F04A57 /* [CP] Check Pods Manifest.lock */,
				CD91CF5C2201FF7000C8F9DF /* Sources */,
				CD91CF5D2201FF7000C8F9DF /* Frameworks */,
				CD91CF5E2201FF7000C8F9DF /* Resources */,
			);
			buildRules = (
			);
			dependencies = (
				CD91CF622201FF7000C8F9DF /* PBXTargetDependency */,
			);
			name = "iOS-DemoTests";
			productName = "iOS-DemoTests";
			productReference = CD91CF602201FF7000C8F9DF /* iOS-DemoTests.xctest */;
			productType = "com.apple.product-type.bundle.unit-test";
		};
		CD91CF6A2201FF7000C8F9DF /* iOS-DemoUITests */ = {
			isa = PBXNativeTarget;
			buildConfigurationList = CD91CF7A2201FF7000C8F9DF /* Build configuration list for PBXNativeTarget "iOS-DemoUITests" */;
			buildPhases = (
				9C9F6FC90673E5643D6FC414 /* [CP] Check Pods Manifest.lock */,
				CD91CF672201FF7000C8F9DF /* Sources */,
				CD91CF682201FF7000C8F9DF /* Frameworks */,
				CD91CF692201FF7000C8F9DF /* Resources */,
			);
			buildRules = (
			);
			dependencies = (
				CD91CF6D2201FF7000C8F9DF /* PBXTargetDependency */,
			);
			name = "iOS-DemoUITests";
			productName = "iOS-DemoUITests";
			productReference = CD91CF6B2201FF7000C8F9DF /* iOS-DemoUITests.xctest */;
			productType = "com.apple.product-type.bundle.ui-testing";
		};
/* End PBXNativeTarget section */

/* Begin PBXProject section */
		CD91CF442201FF6D00C8F9DF /* Project object */ = {
			isa = PBXProject;
			attributes = {
				LastSwiftUpdateCheck = 1010;
				LastUpgradeCheck = 1010;
				ORGANIZATIONNAME = "Enrique Bermudez";
				TargetAttributes = {
					CD91CF4B2201FF6D00C8F9DF = {
						CreatedOnToolsVersion = 10.1;
					};
					CD91CF5F2201FF7000C8F9DF = {
						CreatedOnToolsVersion = 10.1;
						TestTargetID = CD91CF4B2201FF6D00C8F9DF;
					};
					CD91CF6A2201FF7000C8F9DF = {
						CreatedOnToolsVersion = 10.1;
						TestTargetID = CD91CF4B2201FF6D00C8F9DF;
					};
				};
			};
			buildConfigurationList = CD91CF472201FF6D00C8F9DF /* Build configuration list for PBXProject "iOS-Demo" */;
			compatibilityVersion = "Xcode 9.3";
			developmentRegion = en;
			hasScannedForEncodings = 0;
			knownRegions = (
				en,
				Base,
			);
			mainGroup = CD91CF432201FF6D00C8F9DF;
			productRefGroup = CD91CF4D2201FF6D00C8F9DF /* Products */;
			projectDirPath = "";
			projectRoot = "";
			targets = (
				CD91CF4B2201FF6D00C8F9DF /* iOS-Demo */,
				CD91CF5F2201FF7000C8F9DF /* iOS-DemoTests */,
				CD91CF6A2201FF7000C8F9DF /* iOS-DemoUITests */,
			);
		};
/* End PBXProject section */

/* Begin PBXResourcesBuildPhase section */
		CD91CF4A2201FF6D00C8F9DF /* Resources */ = {
			isa = PBXResourcesBuildPhase;
			buildActionMask = 2147483647;
			files = (
				CD91CFC32203070500C8F9DF /* PostDetailsViewController.xib in Resources */,
				CD91CF5A2201FF7000C8F9DF /* LaunchScreen.storyboard in Resources */,
				CD91CF94220263F600C8F9DF /* Localizable.strings in Resources */,
				CD91CF572201FF7000C8F9DF /* Assets.xcassets in Resources */,
				CD91CFB22203011500C8F9DF /* PostsViewController.xib in Resources */,
			);
			runOnlyForDeploymentPostprocessing = 0;
		};
		CD91CF5E2201FF7000C8F9DF /* Resources */ = {
			isa = PBXResourcesBuildPhase;
			buildActionMask = 2147483647;
			files = (
			);
			runOnlyForDeploymentPostprocessing = 0;
		};
		CD91CF692201FF7000C8F9DF /* Resources */ = {
			isa = PBXResourcesBuildPhase;
			buildActionMask = 2147483647;
			files = (
			);
			runOnlyForDeploymentPostprocessing = 0;
		};
/* End PBXResourcesBuildPhase section */

/* Begin PBXShellScriptBuildPhase section */
		202A8E36CE25646B33F04A57 /* [CP] Check Pods Manifest.lock */ = {
			isa = PBXShellScriptBuildPhase;
			buildActionMask = 2147483647;
			files = (
			);
			inputFileListPaths = (
			);
			inputPaths = (
				"${PODS_PODFILE_DIR_PATH}/Podfile.lock",
				"${PODS_ROOT}/Manifest.lock",
			);
			name = "[CP] Check Pods Manifest.lock";
			outputFileListPaths = (
			);
			outputPaths = (
				"$(DERIVED_FILE_DIR)/Pods-iOS-DemoTests-checkManifestLockResult.txt",
			);
			runOnlyForDeploymentPostprocessing = 0;
			shellPath = /bin/sh;
			shellScript = "diff \"${PODS_PODFILE_DIR_PATH}/Podfile.lock\" \"${PODS_ROOT}/Manifest.lock\" > /dev/null\nif [ $? != 0 ] ; then\n    # print error to STDERR\n    echo \"error: The sandbox is not in sync with the Podfile.lock. Run 'pod install' or update your CocoaPods installation.\" >&2\n    exit 1\nfi\n# This output is used by Xcode 'outputs' to avoid re-running this script phase.\necho \"SUCCESS\" > \"${SCRIPT_OUTPUT_FILE_0}\"\n";
			showEnvVarsInLog = 0;
		};
		9C9F6FC90673E5643D6FC414 /* [CP] Check Pods Manifest.lock */ = {
			isa = PBXShellScriptBuildPhase;
			buildActionMask = 2147483647;
			files = (
			);
			inputFileListPaths = (
			);
			inputPaths = (
				"${PODS_PODFILE_DIR_PATH}/Podfile.lock",
				"${PODS_ROOT}/Manifest.lock",
			);
			name = "[CP] Check Pods Manifest.lock";
			outputFileListPaths = (
			);
			outputPaths = (
				"$(DERIVED_FILE_DIR)/Pods-iOS-DemoUITests-checkManifestLockResult.txt",
			);
			runOnlyForDeploymentPostprocessing = 0;
			shellPath = /bin/sh;
			shellScript = "diff \"${PODS_PODFILE_DIR_PATH}/Podfile.lock\" \"${PODS_ROOT}/Manifest.lock\" > /dev/null\nif [ $? != 0 ] ; then\n    # print error to STDERR\n    echo \"error: The sandbox is not in sync with the Podfile.lock. Run 'pod install' or update your CocoaPods installation.\" >&2\n    exit 1\nfi\n# This output is used by Xcode 'outputs' to avoid re-running this script phase.\necho \"SUCCESS\" > \"${SCRIPT_OUTPUT_FILE_0}\"\n";
			showEnvVarsInLog = 0;
		};
		C16095B72BB1C61D0F1A255A /* [CP] Embed Pods Frameworks */ = {
			isa = PBXShellScriptBuildPhase;
			buildActionMask = 2147483647;
			files = (
			);
			inputFileListPaths = (
			);
			inputPaths = (
				"${SRCROOT}/Pods/Target Support Files/Pods-iOS-Demo/Pods-iOS-Demo-frameworks.sh",
				"${BUILT_PRODUCTS_DIR}/RxSwift/RxSwift.framework",
			);
			name = "[CP] Embed Pods Frameworks";
			outputFileListPaths = (
			);
			outputPaths = (
				"${TARGET_BUILD_DIR}/${FRAMEWORKS_FOLDER_PATH}/RxSwift.framework",
			);
			runOnlyForDeploymentPostprocessing = 0;
			shellPath = /bin/sh;
			shellScript = "\"${SRCROOT}/Pods/Target Support Files/Pods-iOS-Demo/Pods-iOS-Demo-frameworks.sh\"\n";
			showEnvVarsInLog = 0;
		};
		C845FB60EFC9CD99CECCC401 /* [CP] Check Pods Manifest.lock */ = {
			isa = PBXShellScriptBuildPhase;
			buildActionMask = 2147483647;
			files = (
			);
			inputFileListPaths = (
			);
			inputPaths = (
				"${PODS_PODFILE_DIR_PATH}/Podfile.lock",
				"${PODS_ROOT}/Manifest.lock",
			);
			name = "[CP] Check Pods Manifest.lock";
			outputFileListPaths = (
			);
			outputPaths = (
				"$(DERIVED_FILE_DIR)/Pods-iOS-Demo-checkManifestLockResult.txt",
			);
			runOnlyForDeploymentPostprocessing = 0;
			shellPath = /bin/sh;
			shellScript = "diff \"${PODS_PODFILE_DIR_PATH}/Podfile.lock\" \"${PODS_ROOT}/Manifest.lock\" > /dev/null\nif [ $? != 0 ] ; then\n    # print error to STDERR\n    echo \"error: The sandbox is not in sync with the Podfile.lock. Run 'pod install' or update your CocoaPods installation.\" >&2\n    exit 1\nfi\n# This output is used by Xcode 'outputs' to avoid re-running this script phase.\necho \"SUCCESS\" > \"${SCRIPT_OUTPUT_FILE_0}\"\n";
			showEnvVarsInLog = 0;
		};
		CD91CF7E2202371500C8F9DF /* Run Swiftlint */ = {
			isa = PBXShellScriptBuildPhase;
			buildActionMask = 2147483647;
			files = (
			);
			inputFileListPaths = (
			);
			inputPaths = (
			);
			name = "Run Swiftlint";
			outputFileListPaths = (
			);
			outputPaths = (
			);
			runOnlyForDeploymentPostprocessing = 0;
			shellPath = /bin/sh;
			shellScript = "if which ${PODS_ROOT}/SwiftLint/swiftlint >/dev/null; then\n    \"${PODS_ROOT}/SwiftLint/swiftlint\"\nelse\n    echo \"warning: SwiftLint not installed, download from https://github.com/realm/SwiftLint\"\nfi\n";
		};
		CD91CF972202646D00C8F9DF /* Generate Resources */ = {
			isa = PBXShellScriptBuildPhase;
			buildActionMask = 2147483647;
			files = (
			);
			inputFileListPaths = (
			);
			inputPaths = (
				"$SRCROOT/iOS-Demo/Resources/en.lproj/Localizable.strings",
			);
			name = "Generate Resources";
			outputFileListPaths = (
			);
			outputPaths = (
				"$(DERIVED_FILE_DIR)/iOS-Demo/Resources/Strings.swift",
			);
			runOnlyForDeploymentPostprocessing = 0;
			shellPath = /bin/sh;
			shellScript = "if which ${PODS_ROOT}/SwiftGen/bin/swiftgen >/dev/null; then\n    \"${PODS_ROOT}/SwiftGen/bin/swiftgen\"\nelse\necho \"warning: SwiftGen not installed, download from https://github.com/SwiftGen/SwiftGen\"\nfi\n";
		};
/* End PBXShellScriptBuildPhase section */

/* Begin PBXSourcesBuildPhase section */
		CD91CF482201FF6D00C8F9DF /* Sources */ = {
			isa = PBXSourcesBuildPhase;
			buildActionMask = 2147483647;
			files = (
				CD91CFBF220306C000C8F9DF /* PostDetailsRoute.swift in Sources */,
				CD91CFA42202F88E00C8F9DF /* Transition.swift in Sources */,
				CD91CF992202666C00C8F9DF /* Strings.swift in Sources */,
				CD91CFAC2202FFD700C8F9DF /* MainNavigationController.swift in Sources */,
				CD91CFBB2203067000C8F9DF /* PostsRoute.swift in Sources */,
				CD91CFB12203011500C8F9DF /* PostsViewController.swift in Sources */,
				CD91CFA02202F85500C8F9DF /* Coordinator.swift in Sources */,
				CD91CFA22202F87600C8F9DF /* Route.swift in Sources */,
				CD91CFB82203060600C8F9DF /* PostsViewModel.swift in Sources */,
				CD91CFC22203070500C8F9DF /* PostDetailsViewController.swift in Sources */,
				CD91CFBD2203068A00C8F9DF /* PostDetailsViewModel.swift in Sources */,
				CD91CFA62202F8C600C8F9DF /* MVVMCUtils.swift in Sources */,
				CD91CF9C2202F7FA00C8F9DF /* MVVMView.swift in Sources */,
				CD91CF502201FF6D00C8F9DF /* AppDelegate.swift in Sources */,
			);
			runOnlyForDeploymentPostprocessing = 0;
		};
		CD91CF5C2201FF7000C8F9DF /* Sources */ = {
			isa = PBXSourcesBuildPhase;
			buildActionMask = 2147483647;
			files = (
				CD91CFD022034C1300C8F9DF /* NavigationTransitionTests.swift in Sources */,
				CD91CFC622030CF300C8F9DF /* MVVMViewTests.swift in Sources */,
				CD91CFC822030D6E00C8F9DF /* MVVMViewMock.swift in Sources */,
				CD91CFCE22031FCF00C8F9DF /* CoordinatorTests.swift in Sources */,
			);
			runOnlyForDeploymentPostprocessing = 0;
		};
		CD91CF672201FF7000C8F9DF /* Sources */ = {
			isa = PBXSourcesBuildPhase;
			buildActionMask = 2147483647;
			files = (
				CD91CF702201FF7000C8F9DF /* iOS_DemoUITests.swift in Sources */,
			);
			runOnlyForDeploymentPostprocessing = 0;
		};
/* End PBXSourcesBuildPhase section */

/* Begin PBXTargetDependency section */
		CD91CF622201FF7000C8F9DF /* PBXTargetDependency */ = {
			isa = PBXTargetDependency;
			target = CD91CF4B2201FF6D00C8F9DF /* iOS-Demo */;
			targetProxy = CD91CF612201FF7000C8F9DF /* PBXContainerItemProxy */;
		};
		CD91CF6D2201FF7000C8F9DF /* PBXTargetDependency */ = {
			isa = PBXTargetDependency;
			target = CD91CF4B2201FF6D00C8F9DF /* iOS-Demo */;
			targetProxy = CD91CF6C2201FF7000C8F9DF /* PBXContainerItemProxy */;
		};
/* End PBXTargetDependency section */

/* Begin PBXVariantGroup section */
		CD91CF582201FF7000C8F9DF /* LaunchScreen.storyboard */ = {
			isa = PBXVariantGroup;
			children = (
				CD91CF592201FF7000C8F9DF /* Base */,
			);
			name = LaunchScreen.storyboard;
			sourceTree = "<group>";
		};
		CD91CF96220263F600C8F9DF /* Localizable.strings */ = {
			isa = PBXVariantGroup;
			children = (
				CD91CF95220263F600C8F9DF /* en */,
			);
			name = Localizable.strings;
			sourceTree = "<group>";
		};
/* End PBXVariantGroup section */

/* Begin XCBuildConfiguration section */
		CD91CF722201FF7000C8F9DF /* Debug */ = {
			isa = XCBuildConfiguration;
			buildSettings = {
				ALWAYS_SEARCH_USER_PATHS = NO;
				CLANG_ANALYZER_NONNULL = YES;
				CLANG_ANALYZER_NUMBER_OBJECT_CONVERSION = YES_AGGRESSIVE;
				CLANG_CXX_LANGUAGE_STANDARD = "gnu++14";
				CLANG_CXX_LIBRARY = "libc++";
				CLANG_ENABLE_MODULES = YES;
				CLANG_ENABLE_OBJC_ARC = YES;
				CLANG_ENABLE_OBJC_WEAK = YES;
				CLANG_WARN_BLOCK_CAPTURE_AUTORELEASING = YES;
				CLANG_WARN_BOOL_CONVERSION = YES;
				CLANG_WARN_COMMA = YES;
				CLANG_WARN_CONSTANT_CONVERSION = YES;
				CLANG_WARN_DEPRECATED_OBJC_IMPLEMENTATIONS = YES;
				CLANG_WARN_DIRECT_OBJC_ISA_USAGE = YES_ERROR;
				CLANG_WARN_DOCUMENTATION_COMMENTS = YES;
				CLANG_WARN_EMPTY_BODY = YES;
				CLANG_WARN_ENUM_CONVERSION = YES;
				CLANG_WARN_INFINITE_RECURSION = YES;
				CLANG_WARN_INT_CONVERSION = YES;
				CLANG_WARN_NON_LITERAL_NULL_CONVERSION = YES;
				CLANG_WARN_OBJC_IMPLICIT_RETAIN_SELF = YES;
				CLANG_WARN_OBJC_LITERAL_CONVERSION = YES;
				CLANG_WARN_OBJC_ROOT_CLASS = YES_ERROR;
				CLANG_WARN_RANGE_LOOP_ANALYSIS = YES;
				CLANG_WARN_STRICT_PROTOTYPES = YES;
				CLANG_WARN_SUSPICIOUS_MOVE = YES;
				CLANG_WARN_UNGUARDED_AVAILABILITY = YES_AGGRESSIVE;
				CLANG_WARN_UNREACHABLE_CODE = YES;
				CLANG_WARN__DUPLICATE_METHOD_MATCH = YES;
				CODE_SIGN_IDENTITY = "iPhone Developer";
				COPY_PHASE_STRIP = NO;
				DEBUG_INFORMATION_FORMAT = dwarf;
				ENABLE_STRICT_OBJC_MSGSEND = YES;
				ENABLE_TESTABILITY = YES;
				GCC_C_LANGUAGE_STANDARD = gnu11;
				GCC_DYNAMIC_NO_PIC = NO;
				GCC_NO_COMMON_BLOCKS = YES;
				GCC_OPTIMIZATION_LEVEL = 0;
				GCC_PREPROCESSOR_DEFINITIONS = (
					"DEBUG=1",
					"$(inherited)",
				);
				GCC_WARN_64_TO_32_BIT_CONVERSION = YES;
				GCC_WARN_ABOUT_RETURN_TYPE = YES_ERROR;
				GCC_WARN_UNDECLARED_SELECTOR = YES;
				GCC_WARN_UNINITIALIZED_AUTOS = YES_AGGRESSIVE;
				GCC_WARN_UNUSED_FUNCTION = YES;
				GCC_WARN_UNUSED_VARIABLE = YES;
				IPHONEOS_DEPLOYMENT_TARGET = 12.1;
				MTL_ENABLE_DEBUG_INFO = INCLUDE_SOURCE;
				MTL_FAST_MATH = YES;
				ONLY_ACTIVE_ARCH = YES;
				SDKROOT = iphoneos;
				SWIFT_ACTIVE_COMPILATION_CONDITIONS = DEBUG;
				SWIFT_OPTIMIZATION_LEVEL = "-Onone";
			};
			name = Debug;
		};
		CD91CF732201FF7000C8F9DF /* Release */ = {
			isa = XCBuildConfiguration;
			buildSettings = {
				ALWAYS_SEARCH_USER_PATHS = NO;
				CLANG_ANALYZER_NONNULL = YES;
				CLANG_ANALYZER_NUMBER_OBJECT_CONVERSION = YES_AGGRESSIVE;
				CLANG_CXX_LANGUAGE_STANDARD = "gnu++14";
				CLANG_CXX_LIBRARY = "libc++";
				CLANG_ENABLE_MODULES = YES;
				CLANG_ENABLE_OBJC_ARC = YES;
				CLANG_ENABLE_OBJC_WEAK = YES;
				CLANG_WARN_BLOCK_CAPTURE_AUTORELEASING = YES;
				CLANG_WARN_BOOL_CONVERSION = YES;
				CLANG_WARN_COMMA = YES;
				CLANG_WARN_CONSTANT_CONVERSION = YES;
				CLANG_WARN_DEPRECATED_OBJC_IMPLEMENTATIONS = YES;
				CLANG_WARN_DIRECT_OBJC_ISA_USAGE = YES_ERROR;
				CLANG_WARN_DOCUMENTATION_COMMENTS = YES;
				CLANG_WARN_EMPTY_BODY = YES;
				CLANG_WARN_ENUM_CONVERSION = YES;
				CLANG_WARN_INFINITE_RECURSION = YES;
				CLANG_WARN_INT_CONVERSION = YES;
				CLANG_WARN_NON_LITERAL_NULL_CONVERSION = YES;
				CLANG_WARN_OBJC_IMPLICIT_RETAIN_SELF = YES;
				CLANG_WARN_OBJC_LITERAL_CONVERSION = YES;
				CLANG_WARN_OBJC_ROOT_CLASS = YES_ERROR;
				CLANG_WARN_RANGE_LOOP_ANALYSIS = YES;
				CLANG_WARN_STRICT_PROTOTYPES = YES;
				CLANG_WARN_SUSPICIOUS_MOVE = YES;
				CLANG_WARN_UNGUARDED_AVAILABILITY = YES_AGGRESSIVE;
				CLANG_WARN_UNREACHABLE_CODE = YES;
				CLANG_WARN__DUPLICATE_METHOD_MATCH = YES;
				CODE_SIGN_IDENTITY = "iPhone Developer";
				COPY_PHASE_STRIP = NO;
				DEBUG_INFORMATION_FORMAT = "dwarf-with-dsym";
				ENABLE_NS_ASSERTIONS = NO;
				ENABLE_STRICT_OBJC_MSGSEND = YES;
				GCC_C_LANGUAGE_STANDARD = gnu11;
				GCC_NO_COMMON_BLOCKS = YES;
				GCC_WARN_64_TO_32_BIT_CONVERSION = YES;
				GCC_WARN_ABOUT_RETURN_TYPE = YES_ERROR;
				GCC_WARN_UNDECLARED_SELECTOR = YES;
				GCC_WARN_UNINITIALIZED_AUTOS = YES_AGGRESSIVE;
				GCC_WARN_UNUSED_FUNCTION = YES;
				GCC_WARN_UNUSED_VARIABLE = YES;
				IPHONEOS_DEPLOYMENT_TARGET = 12.1;
				MTL_ENABLE_DEBUG_INFO = NO;
				MTL_FAST_MATH = YES;
				SDKROOT = iphoneos;
				SWIFT_COMPILATION_MODE = wholemodule;
				SWIFT_OPTIMIZATION_LEVEL = "-O";
				VALIDATE_PRODUCT = YES;
			};
			name = Release;
		};
		CD91CF752201FF7000C8F9DF /* Debug */ = {
			isa = XCBuildConfiguration;
			baseConfigurationReference = 9CC8D861D9C0C1D5C2A26B10 /* Pods-iOS-Demo.debug.xcconfig */;
			buildSettings = {
				ASSETCATALOG_COMPILER_APPICON_NAME = AppIcon;
				CODE_SIGN_STYLE = Automatic;
				DEVELOPMENT_TEAM = VB2B85C3L8;
				INFOPLIST_FILE = "iOS-Demo/Info.plist";
				IPHONEOS_DEPLOYMENT_TARGET = 10.0;
				LD_RUNPATH_SEARCH_PATHS = (
					"$(inherited)",
					"@executable_path/Frameworks",
				);
				PRODUCT_BUNDLE_IDENTIFIER = "com.iosDemo.iOS-Demo";
				PRODUCT_NAME = "$(TARGET_NAME)";
				SWIFT_VERSION = 4.2;
				TARGETED_DEVICE_FAMILY = "1,2";
			};
			name = Debug;
		};
		CD91CF762201FF7000C8F9DF /* Release */ = {
			isa = XCBuildConfiguration;
			baseConfigurationReference = E89C926559A13751E0C112F1 /* Pods-iOS-Demo.release.xcconfig */;
			buildSettings = {
				ASSETCATALOG_COMPILER_APPICON_NAME = AppIcon;
				CODE_SIGN_STYLE = Automatic;
				DEVELOPMENT_TEAM = VB2B85C3L8;
				INFOPLIST_FILE = "iOS-Demo/Info.plist";
				IPHONEOS_DEPLOYMENT_TARGET = 10.0;
				LD_RUNPATH_SEARCH_PATHS = (
					"$(inherited)",
					"@executable_path/Frameworks",
				);
				PRODUCT_BUNDLE_IDENTIFIER = "com.iosDemo.iOS-Demo";
				PRODUCT_NAME = "$(TARGET_NAME)";
				SWIFT_VERSION = 4.2;
				TARGETED_DEVICE_FAMILY = "1,2";
			};
			name = Release;
		};
		CD91CF782201FF7000C8F9DF /* Debug */ = {
			isa = XCBuildConfiguration;
			baseConfigurationReference = 9511C8FDFCCE512FC0BCAA22 /* Pods-iOS-DemoTests.debug.xcconfig */;
			buildSettings = {
				ALWAYS_EMBED_SWIFT_STANDARD_LIBRARIES = YES;
				BUNDLE_LOADER = "$(TEST_HOST)";
				CODE_SIGN_STYLE = Automatic;
				DEVELOPMENT_TEAM = VB2B85C3L8;
				INFOPLIST_FILE = "iOS-DemoTests/Info.plist";
				LD_RUNPATH_SEARCH_PATHS = (
					"$(inherited)",
					"@executable_path/Frameworks",
					"@loader_path/Frameworks",
				);
				PRODUCT_BUNDLE_IDENTIFIER = "com.iosDemo.iOS-DemoTests";
				PRODUCT_NAME = "$(TARGET_NAME)";
				SWIFT_VERSION = 4.2;
				TARGETED_DEVICE_FAMILY = "1,2";
				TEST_HOST = "$(BUILT_PRODUCTS_DIR)/iOS-Demo.app/iOS-Demo";
			};
			name = Debug;
		};
		CD91CF792201FF7000C8F9DF /* Release */ = {
			isa = XCBuildConfiguration;
			baseConfigurationReference = 79CD80B4C1B1E151C89B7CA4 /* Pods-iOS-DemoTests.release.xcconfig */;
			buildSettings = {
				ALWAYS_EMBED_SWIFT_STANDARD_LIBRARIES = YES;
				BUNDLE_LOADER = "$(TEST_HOST)";
				CODE_SIGN_STYLE = Automatic;
				DEVELOPMENT_TEAM = VB2B85C3L8;
				INFOPLIST_FILE = "iOS-DemoTests/Info.plist";
				LD_RUNPATH_SEARCH_PATHS = (
					"$(inherited)",
					"@executable_path/Frameworks",
					"@loader_path/Frameworks",
				);
				PRODUCT_BUNDLE_IDENTIFIER = "com.iosDemo.iOS-DemoTests";
				PRODUCT_NAME = "$(TARGET_NAME)";
				SWIFT_VERSION = 4.2;
				TARGETED_DEVICE_FAMILY = "1,2";
				TEST_HOST = "$(BUILT_PRODUCTS_DIR)/iOS-Demo.app/iOS-Demo";
			};
			name = Release;
		};
		CD91CF7B2201FF7000C8F9DF /* Debug */ = {
			isa = XCBuildConfiguration;
			baseConfigurationReference = 4DF398B42F870102592AE6CA /* Pods-iOS-DemoUITests.debug.xcconfig */;
			buildSettings = {
				ALWAYS_EMBED_SWIFT_STANDARD_LIBRARIES = YES;
				CODE_SIGN_STYLE = Automatic;
				DEVELOPMENT_TEAM = VB2B85C3L8;
				INFOPLIST_FILE = "iOS-DemoUITests/Info.plist";
				LD_RUNPATH_SEARCH_PATHS = (
					"$(inherited)",
					"@executable_path/Frameworks",
					"@loader_path/Frameworks",
				);
				PRODUCT_BUNDLE_IDENTIFIER = "com.iosDemo.iOS-DemoUITests";
				PRODUCT_NAME = "$(TARGET_NAME)";
				SWIFT_VERSION = 4.2;
				TARGETED_DEVICE_FAMILY = "1,2";
				TEST_TARGET_NAME = "iOS-Demo";
			};
			name = Debug;
		};
		CD91CF7C2201FF7000C8F9DF /* Release */ = {
			isa = XCBuildConfiguration;
			baseConfigurationReference = 87E1BDAF472CB104EB6FBE0D /* Pods-iOS-DemoUITests.release.xcconfig */;
			buildSettings = {
				ALWAYS_EMBED_SWIFT_STANDARD_LIBRARIES = YES;
				CODE_SIGN_STYLE = Automatic;
				DEVELOPMENT_TEAM = VB2B85C3L8;
				INFOPLIST_FILE = "iOS-DemoUITests/Info.plist";
				LD_RUNPATH_SEARCH_PATHS = (
					"$(inherited)",
					"@executable_path/Frameworks",
					"@loader_path/Frameworks",
				);
				PRODUCT_BUNDLE_IDENTIFIER = "com.iosDemo.iOS-DemoUITests";
				PRODUCT_NAME = "$(TARGET_NAME)";
				SWIFT_VERSION = 4.2;
				TARGETED_DEVICE_FAMILY = "1,2";
				TEST_TARGET_NAME = "iOS-Demo";
			};
			name = Release;
		};
/* End XCBuildConfiguration section */

/* Begin XCConfigurationList section */
		CD91CF472201FF6D00C8F9DF /* Build configuration list for PBXProject "iOS-Demo" */ = {
			isa = XCConfigurationList;
			buildConfigurations = (
				CD91CF722201FF7000C8F9DF /* Debug */,
				CD91CF732201FF7000C8F9DF /* Release */,
			);
			defaultConfigurationIsVisible = 0;
			defaultConfigurationName = Release;
		};
		CD91CF742201FF7000C8F9DF /* Build configuration list for PBXNativeTarget "iOS-Demo" */ = {
			isa = XCConfigurationList;
			buildConfigurations = (
				CD91CF752201FF7000C8F9DF /* Debug */,
				CD91CF762201FF7000C8F9DF /* Release */,
			);
			defaultConfigurationIsVisible = 0;
			defaultConfigurationName = Release;
		};
		CD91CF772201FF7000C8F9DF /* Build configuration list for PBXNativeTarget "iOS-DemoTests" */ = {
			isa = XCConfigurationList;
			buildConfigurations = (
				CD91CF782201FF7000C8F9DF /* Debug */,
				CD91CF792201FF7000C8F9DF /* Release */,
			);
			defaultConfigurationIsVisible = 0;
			defaultConfigurationName = Release;
		};
		CD91CF7A2201FF7000C8F9DF /* Build configuration list for PBXNativeTarget "iOS-DemoUITests" */ = {
			isa = XCConfigurationList;
			buildConfigurations = (
				CD91CF7B2201FF7000C8F9DF /* Debug */,
				CD91CF7C2201FF7000C8F9DF /* Release */,
			);
			defaultConfigurationIsVisible = 0;
			defaultConfigurationName = Release;
		};
/* End XCConfigurationList section */
	};
	rootObject = CD91CF442201FF6D00C8F9DF /* Project object */;
}
